
Microsoft Visual Studio Solution File, Format Version 12.00
# Visual Studio Express 2012 for Windows Desktop
Project("{FAE04EC0-301F-11D3-BF4B-00C04F79EFBC}") = "Bai5Ktra", "Bai5Ktra\Bai5Ktra.csproj", "{4557EA29-8902-4ADE-A419-7D457871B513}"
EndProject
Global
	GlobalSection(SolutionConfigurationPlatforms) = preSolution
		Debug|Any CPU = Debug|Any CPU
		Release|Any CPU = Release|Any CPU
	EndGlobalSection
	GlobalSection(ProjectConfigurationPlatforms) = postSolution
		{4557EA29-8902-4ADE-A419-7D457871B513}.Debug|Any CPU.ActiveCfg = Debug|Any CPU
		{4557EA29-8902-4ADE-A419-7D457871B513}.Debug|Any CPU.Build.0 = Debug|Any CPU
		{4557EA29-8902-4ADE-A419-7D457871B513}.Release|Any CPU.ActiveCfg = Release|Any CPU
		{4557EA29-8902-4ADE-A419-7D457871B513}.Release|Any CPU.Build.0 = Release|Any CPU
	EndGlobalSection
	GlobalSection(SolutionProperties) = preSolution
		HideSolutionNode = FALSE
	EndGlobalSection
EndGlobal
