
Microsoft Visual Studio Solution File, Format Version 12.00
# Visual Studio Express 2012 for Windows Desktop
Project("{FAE04EC0-301F-11D3-BF4B-00C04F79EFBC}") = "Bai30", "Bai30\Bai30.csproj", "{E46D1715-383D-47D8-B82B-631B339E0D64}"
EndProject
Global
	GlobalSection(SolutionConfigurationPlatforms) = preSolution
		Debug|Any CPU = Debug|Any CPU
		Release|Any CPU = Release|Any CPU
	EndGlobalSection
	GlobalSection(ProjectConfigurationPlatforms) = postSolution
		{E46D1715-383D-47D8-B82B-631B339E0D64}.Debug|Any CPU.ActiveCfg = Debug|Any CPU
		{E46D1715-383D-47D8-B82B-631B339E0D64}.Debug|Any CPU.Build.0 = Debug|Any CPU
		{E46D1715-383D-47D8-B82B-631B339E0D64}.Release|Any CPU.ActiveCfg = Release|Any CPU
		{E46D1715-383D-47D8-B82B-631B339E0D64}.Release|Any CPU.Build.0 = Release|Any CPU
	EndGlobalSection
	GlobalSection(SolutionProperties) = preSolution
		HideSolutionNode = FALSE
	EndGlobalSection
EndGlobal
