
Microsoft Visual Studio Solution File, Format Version 12.00
# Visual Studio Version 17
VisualStudioVersion = 17.4.33213.308
MinimumVisualStudioVersion = 10.0.40219.1
Project("{FAE04EC0-301F-11D3-BF4B-00C04F79EFBC}") = "Cau4TH02", "Cau4TH02.csproj", "{945B311F-9831-4CEC-B3E0-CCE3E75A49AF}"
EndProject
Global
	GlobalSection(SolutionConfigurationPlatforms) = preSolution
		Debug|Any CPU = Debug|Any CPU
		Release|Any CPU = Release|Any CPU
	EndGlobalSection
	GlobalSection(ProjectConfigurationPlatforms) = postSolution
		{945B311F-9831-4CEC-B3E0-CCE3E75A49AF}.Debug|Any CPU.ActiveCfg = Debug|Any CPU
		{945B311F-9831-4CEC-B3E0-CCE3E75A49AF}.Debug|Any CPU.Build.0 = Debug|Any CPU
		{945B311F-9831-4CEC-B3E0-CCE3E75A49AF}.Release|Any CPU.ActiveCfg = Release|Any CPU
		{945B311F-9831-4CEC-B3E0-CCE3E75A49AF}.Release|Any CPU.Build.0 = Release|Any CPU
	EndGlobalSection
	GlobalSection(SolutionProperties) = preSolution
		HideSolutionNode = FALSE
	EndGlobalSection
	GlobalSection(ExtensibilityGlobals) = postSolution
		SolutionGuid = {A93EA69F-275B-45E0-B40A-8D533751257D}
	EndGlobalSection
EndGlobal
