
Microsoft Visual Studio Solution File, Format Version 12.00
# Visual Studio Express 2012 for Windows Desktop
Project("{FAE04EC0-301F-11D3-BF4B-00C04F79EFBC}") = "GameXO", "GameXO\GameXO.csproj", "{F1454FAB-E1D7-4851-A09A-5C6EAE3FB2F5}"
EndProject
Global
	GlobalSection(SolutionConfigurationPlatforms) = preSolution
		Debug|Any CPU = Debug|Any CPU
		Release|Any CPU = Release|Any CPU
	EndGlobalSection
	GlobalSection(ProjectConfigurationPlatforms) = postSolution
		{F1454FAB-E1D7-4851-A09A-5C6EAE3FB2F5}.Debug|Any CPU.ActiveCfg = Debug|Any CPU
		{F1454FAB-E1D7-4851-A09A-5C6EAE3FB2F5}.Debug|Any CPU.Build.0 = Debug|Any CPU
		{F1454FAB-E1D7-4851-A09A-5C6EAE3FB2F5}.Release|Any CPU.ActiveCfg = Release|Any CPU
		{F1454FAB-E1D7-4851-A09A-5C6EAE3FB2F5}.Release|Any CPU.Build.0 = Release|Any CPU
	EndGlobalSection
	GlobalSection(SolutionProperties) = preSolution
		HideSolutionNode = FALSE
	EndGlobalSection
EndGlobal
