
Microsoft Visual Studio Solution File, Format Version 12.00
# Visual Studio Version 17
VisualStudioVersion = 17.4.33213.308
MinimumVisualStudioVersion = 10.0.40219.1
Project("{FAE04EC0-301F-11D3-BF4B-00C04F79EFBC}") = "List", "List.csproj", "{14C083DE-7664-4F25-BE3C-231C8DB162BB}"
EndProject
Global
	GlobalSection(SolutionConfigurationPlatforms) = preSolution
		Debug|Any CPU = Debug|Any CPU
		Release|Any CPU = Release|Any CPU
	EndGlobalSection
	GlobalSection(ProjectConfigurationPlatforms) = postSolution
		{14C083DE-7664-4F25-BE3C-231C8DB162BB}.Debug|Any CPU.ActiveCfg = Debug|Any CPU
		{14C083DE-7664-4F25-BE3C-231C8DB162BB}.Debug|Any CPU.Build.0 = Debug|Any CPU
		{14C083DE-7664-4F25-BE3C-231C8DB162BB}.Release|Any CPU.ActiveCfg = Release|Any CPU
		{14C083DE-7664-4F25-BE3C-231C8DB162BB}.Release|Any CPU.Build.0 = Release|Any CPU
	EndGlobalSection
	GlobalSection(SolutionProperties) = preSolution
		HideSolutionNode = FALSE
	EndGlobalSection
	GlobalSection(ExtensibilityGlobals) = postSolution
		SolutionGuid = {73CDE4C2-C97A-485D-AB8B-38A16F16C33D}
	EndGlobalSection
EndGlobal
