
Microsoft Visual Studio Solution File, Format Version 12.00
# Visual Studio Version 17
VisualStudioVersion = 17.4.33213.308
MinimumVisualStudioVersion = 10.0.40219.1
Project("{FAE04EC0-301F-11D3-BF4B-00C04F79EFBC}") = "Cau3TrenLop", "Cau3TrenLop.csproj", "{B3C69223-443D-4F3B-A6B6-D35A4AA03B73}"
EndProject
Global
	GlobalSection(SolutionConfigurationPlatforms) = preSolution
		Debug|Any CPU = Debug|Any CPU
		Release|Any CPU = Release|Any CPU
	EndGlobalSection
	GlobalSection(ProjectConfigurationPlatforms) = postSolution
		{B3C69223-443D-4F3B-A6B6-D35A4AA03B73}.Debug|Any CPU.ActiveCfg = Debug|Any CPU
		{B3C69223-443D-4F3B-A6B6-D35A4AA03B73}.Debug|Any CPU.Build.0 = Debug|Any CPU
		{B3C69223-443D-4F3B-A6B6-D35A4AA03B73}.Release|Any CPU.ActiveCfg = Release|Any CPU
		{B3C69223-443D-4F3B-A6B6-D35A4AA03B73}.Release|Any CPU.Build.0 = Release|Any CPU
	EndGlobalSection
	GlobalSection(SolutionProperties) = preSolution
		HideSolutionNode = FALSE
	EndGlobalSection
	GlobalSection(ExtensibilityGlobals) = postSolution
		SolutionGuid = {CFE1DDFD-BD57-4D32-AA38-71D7EF463418}
	EndGlobalSection
EndGlobal
