
Microsoft Visual Studio Solution File, Format Version 12.00
# Visual Studio Version 17
VisualStudioVersion = 17.4.33213.308
MinimumVisualStudioVersion = 10.0.40219.1
Project("{FAE04EC0-301F-11D3-BF4B-00C04F79EFBC}") = "Cau3TH01", "Cau3TH01.csproj", "{B51827CA-2F13-4BE3-AD3B-C44856D398C6}"
EndProject
Global
	GlobalSection(SolutionConfigurationPlatforms) = preSolution
		Debug|Any CPU = Debug|Any CPU
		Release|Any CPU = Release|Any CPU
	EndGlobalSection
	GlobalSection(ProjectConfigurationPlatforms) = postSolution
		{B51827CA-2F13-4BE3-AD3B-C44856D398C6}.Debug|Any CPU.ActiveCfg = Debug|Any CPU
		{B51827CA-2F13-4BE3-AD3B-C44856D398C6}.Debug|Any CPU.Build.0 = Debug|Any CPU
		{B51827CA-2F13-4BE3-AD3B-C44856D398C6}.Release|Any CPU.ActiveCfg = Release|Any CPU
		{B51827CA-2F13-4BE3-AD3B-C44856D398C6}.Release|Any CPU.Build.0 = Release|Any CPU
	EndGlobalSection
	GlobalSection(SolutionProperties) = preSolution
		HideSolutionNode = FALSE
	EndGlobalSection
	GlobalSection(ExtensibilityGlobals) = postSolution
		SolutionGuid = {DCC63EE3-33F3-4F95-BC1C-0F9DC5A71B03}
	EndGlobalSection
EndGlobal
