
Microsoft Visual Studio Solution File, Format Version 12.00
# Visual Studio Express 2012 for Windows Desktop
Project("{FAE04EC0-301F-11D3-BF4B-00C04F79EFBC}") = "DemoDataAdapter", "DemoDataAdapter\DemoDataAdapter.csproj", "{D6E3B6C1-710E-4CD6-939D-94BE94A4956A}"
EndProject
Global
	GlobalSection(SolutionConfigurationPlatforms) = preSolution
		Debug|Any CPU = Debug|Any CPU
		Release|Any CPU = Release|Any CPU
	EndGlobalSection
	GlobalSection(ProjectConfigurationPlatforms) = postSolution
		{D6E3B6C1-710E-4CD6-939D-94BE94A4956A}.Debug|Any CPU.ActiveCfg = Debug|Any CPU
		{D6E3B6C1-710E-4CD6-939D-94BE94A4956A}.Debug|Any CPU.Build.0 = Debug|Any CPU
		{D6E3B6C1-710E-4CD6-939D-94BE94A4956A}.Release|Any CPU.ActiveCfg = Release|Any CPU
		{D6E3B6C1-710E-4CD6-939D-94BE94A4956A}.Release|Any CPU.Build.0 = Release|Any CPU
	EndGlobalSection
	GlobalSection(SolutionProperties) = preSolution
		HideSolutionNode = FALSE
	EndGlobalSection
EndGlobal
