
Microsoft Visual Studio Solution File, Format Version 12.00
# Visual Studio Version 17
VisualStudioVersion = 17.4.33213.308
MinimumVisualStudioVersion = 10.0.40219.1
Project("{FAE04EC0-301F-11D3-BF4B-00C04F79EFBC}") = "TH05", "TH05.csproj", "{0F96EA73-2F7C-4613-8DC1-03C8CC595B65}"
EndProject
Global
	GlobalSection(SolutionConfigurationPlatforms) = preSolution
		Debug|Any CPU = Debug|Any CPU
		Release|Any CPU = Release|Any CPU
	EndGlobalSection
	GlobalSection(ProjectConfigurationPlatforms) = postSolution
		{0F96EA73-2F7C-4613-8DC1-03C8CC595B65}.Debug|Any CPU.ActiveCfg = Debug|Any CPU
		{0F96EA73-2F7C-4613-8DC1-03C8CC595B65}.Debug|Any CPU.Build.0 = Debug|Any CPU
		{0F96EA73-2F7C-4613-8DC1-03C8CC595B65}.Release|Any CPU.ActiveCfg = Release|Any CPU
		{0F96EA73-2F7C-4613-8DC1-03C8CC595B65}.Release|Any CPU.Build.0 = Release|Any CPU
	EndGlobalSection
	GlobalSection(SolutionProperties) = preSolution
		HideSolutionNode = FALSE
	EndGlobalSection
	GlobalSection(ExtensibilityGlobals) = postSolution
		SolutionGuid = {204CBA5B-5BB9-4367-B198-9394E018078F}
	EndGlobalSection
EndGlobal
