
Microsoft Visual Studio Solution File, Format Version 12.00
# Visual Studio Version 17
VisualStudioVersion = 17.4.33213.308
MinimumVisualStudioVersion = 10.0.40219.1
Project("{FAE04EC0-301F-11D3-BF4B-00C04F79EFBC}") = "Menu", "Menu.csproj", "{FF20C332-4F5A-4A5E-88D0-22271B3CAB88}"
EndProject
Global
	GlobalSection(SolutionConfigurationPlatforms) = preSolution
		Debug|Any CPU = Debug|Any CPU
		Release|Any CPU = Release|Any CPU
	EndGlobalSection
	GlobalSection(ProjectConfigurationPlatforms) = postSolution
		{FF20C332-4F5A-4A5E-88D0-22271B3CAB88}.Debug|Any CPU.ActiveCfg = Debug|Any CPU
		{FF20C332-4F5A-4A5E-88D0-22271B3CAB88}.Debug|Any CPU.Build.0 = Debug|Any CPU
		{FF20C332-4F5A-4A5E-88D0-22271B3CAB88}.Release|Any CPU.ActiveCfg = Release|Any CPU
		{FF20C332-4F5A-4A5E-88D0-22271B3CAB88}.Release|Any CPU.Build.0 = Release|Any CPU
	EndGlobalSection
	GlobalSection(SolutionProperties) = preSolution
		HideSolutionNode = FALSE
	EndGlobalSection
	GlobalSection(ExtensibilityGlobals) = postSolution
		SolutionGuid = {D447C784-F31D-4835-9A5F-C32212F6C76C}
	EndGlobalSection
EndGlobal
